
Microsoft Visual Studio Solution File, Format Version 12.00
# Visual Studio Version 16
VisualStudioVersion = 16.0.29025.244
MinimumVisualStudioVersion = 10.0.40219.1
Project("{FAE04EC0-301F-11D3-BF4B-00C04F79EFBC}") = "GameConsoleNullableCsharp", "GameConsoleNullableCsharp\GameConsoleNullableCsharp.csproj", "{05C06E02-FB8A-40FD-99A4-8796CB9AC587}"
EndProject
Global
	GlobalSection(SolutionConfigurationPlatforms) = preSolution
		Debug|Any CPU = Debug|Any CPU
		Release|Any CPU = Release|Any CPU
	EndGlobalSection
	GlobalSection(ProjectConfigurationPlatforms) = postSolution
		{05C06E02-FB8A-40FD-99A4-8796CB9AC587}.Debug|Any CPU.ActiveCfg = Debug|Any CPU
		{05C06E02-FB8A-40FD-99A4-8796CB9AC587}.Debug|Any CPU.Build.0 = Debug|Any CPU
		{05C06E02-FB8A-40FD-99A4-8796CB9AC587}.Release|Any CPU.ActiveCfg = Release|Any CPU
		{05C06E02-FB8A-40FD-99A4-8796CB9AC587}.Release|Any CPU.Build.0 = Release|Any CPU
	EndGlobalSection
	GlobalSection(SolutionProperties) = preSolution
		HideSolutionNode = FALSE
	EndGlobalSection
	GlobalSection(ExtensibilityGlobals) = postSolution
		SolutionGuid = {0DE79D4A-473D-4AFD-ACE8-25E5AEED6AE3}
	EndGlobalSection
EndGlobal
